
Microsoft Visual Studio Solution File, Format Version 12.00
# Visual Studio Version 16
VisualStudioVersion = 16.0.30907.101
MinimumVisualStudioVersion = 10.0.40219.1
Project("{FAE04EC0-301F-11D3-BF4B-00C04F79EFBC}") = "Perfomans", "Perfomans\Perfomans.csproj", "{2B1C17AC-A8D3-41A3-9A1C-EE3469F69B05}"
EndProject
Global
	GlobalSection(SolutionConfigurationPlatforms) = preSolution
		Debug|Any CPU = Debug|Any CPU
		Release|Any CPU = Release|Any CPU
	EndGlobalSection
	GlobalSection(ProjectConfigurationPlatforms) = postSolution
		{2B1C17AC-A8D3-41A3-9A1C-EE3469F69B05}.Debug|Any CPU.ActiveCfg = Debug|Any CPU
		{2B1C17AC-A8D3-41A3-9A1C-EE3469F69B05}.Debug|Any CPU.Build.0 = Debug|Any CPU
		{2B1C17AC-A8D3-41A3-9A1C-EE3469F69B05}.Release|Any CPU.ActiveCfg = Release|Any CPU
		{2B1C17AC-A8D3-41A3-9A1C-EE3469F69B05}.Release|Any CPU.Build.0 = Release|Any CPU
	EndGlobalSection
	GlobalSection(SolutionProperties) = preSolution
		HideSolutionNode = FALSE
	EndGlobalSection
	GlobalSection(ExtensibilityGlobals) = postSolution
		SolutionGuid = {C9CC369C-38A9-4CB7-A883-5579F2EE3F45}
	EndGlobalSection
EndGlobal
